
Microsoft Visual Studio Solution File, Format Version 12.00
# Visual Studio Version 17
VisualStudioVersion = 17.4.33213.308
MinimumVisualStudioVersion = 10.0.40219.1
Project("{9A19103F-16F7-4668-BE54-9A1E7A4F7556}") = "AllinOneCSharp", "AllinOneCSharp\AllinOneCSharp.csproj", "{5E407C1E-52EB-4E5E-BBB2-0A63BBB87C9B}"
EndProject
Project("{9A19103F-16F7-4668-BE54-9A1E7A4F7556}") = "AssemblyOne", "AssemblyOne\AssemblyOne.csproj", "{D038C529-A973-4F7A-9EAB-81AAD50DEC3C}"
EndProject
Project("{9A19103F-16F7-4668-BE54-9A1E7A4F7556}") = "AssemblyTwo", "AssemblyTwo\AssemblyTwo.csproj", "{DF9D1F17-5CE3-4639-B450-6C0C19356189}"
EndProject
Global
	GlobalSection(SolutionConfigurationPlatforms) = preSolution
		Debug|Any CPU = Debug|Any CPU
		Release|Any CPU = Release|Any CPU
	EndGlobalSection
	GlobalSection(ProjectConfigurationPlatforms) = postSolution
		{5E407C1E-52EB-4E5E-BBB2-0A63BBB87C9B}.Debug|Any CPU.ActiveCfg = Debug|Any CPU
		{5E407C1E-52EB-4E5E-BBB2-0A63BBB87C9B}.Debug|Any CPU.Build.0 = Debug|Any CPU
		{5E407C1E-52EB-4E5E-BBB2-0A63BBB87C9B}.Release|Any CPU.ActiveCfg = Release|Any CPU
		{5E407C1E-52EB-4E5E-BBB2-0A63BBB87C9B}.Release|Any CPU.Build.0 = Release|Any CPU
		{D038C529-A973-4F7A-9EAB-81AAD50DEC3C}.Debug|Any CPU.ActiveCfg = Debug|Any CPU
		{D038C529-A973-4F7A-9EAB-81AAD50DEC3C}.Debug|Any CPU.Build.0 = Debug|Any CPU
		{D038C529-A973-4F7A-9EAB-81AAD50DEC3C}.Release|Any CPU.ActiveCfg = Release|Any CPU
		{D038C529-A973-4F7A-9EAB-81AAD50DEC3C}.Release|Any CPU.Build.0 = Release|Any CPU
		{DF9D1F17-5CE3-4639-B450-6C0C19356189}.Debug|Any CPU.ActiveCfg = Debug|Any CPU
		{DF9D1F17-5CE3-4639-B450-6C0C19356189}.Debug|Any CPU.Build.0 = Debug|Any CPU
		{DF9D1F17-5CE3-4639-B450-6C0C19356189}.Release|Any CPU.ActiveCfg = Release|Any CPU
		{DF9D1F17-5CE3-4639-B450-6C0C19356189}.Release|Any CPU.Build.0 = Release|Any CPU
	EndGlobalSection
	GlobalSection(SolutionProperties) = preSolution
		HideSolutionNode = FALSE
	EndGlobalSection
	GlobalSection(ExtensibilityGlobals) = postSolution
		SolutionGuid = {A5413AAC-F0BF-49D8-B656-BB1AB8F046DD}
	EndGlobalSection
EndGlobal
